
Microsoft Visual Studio Solution File, Format Version 12.00
# Visual Studio Version 17
VisualStudioVersion = 17.0.31903.59
MinimumVisualStudioVersion = 10.0.40219.1
Project("{FAE04EC0-301F-11D3-BF4B-00C04F79EFBC}") = "Consumer", "Consumer\Consumer.csproj", "{06714251-D102-4966-9784-D1528E611D17}"
EndProject
Project("{FAE04EC0-301F-11D3-BF4B-00C04F79EFBC}") = "Producer", "Producer\Producer.csproj", "{2DADDE12-6532-4105-B70C-8B3DEAFD3A34}"
EndProject
Global
	GlobalSection(SolutionConfigurationPlatforms) = preSolution
		Debug|Any CPU = Debug|Any CPU
		Release|Any CPU = Release|Any CPU
	EndGlobalSection
	GlobalSection(SolutionProperties) = preSolution
		HideSolutionNode = FALSE
	EndGlobalSection
	GlobalSection(ProjectConfigurationPlatforms) = postSolution
		{06714251-D102-4966-9784-D1528E611D17}.Debug|Any CPU.ActiveCfg = Debug|Any CPU
		{06714251-D102-4966-9784-D1528E611D17}.Debug|Any CPU.Build.0 = Debug|Any CPU
		{06714251-D102-4966-9784-D1528E611D17}.Release|Any CPU.ActiveCfg = Release|Any CPU
		{06714251-D102-4966-9784-D1528E611D17}.Release|Any CPU.Build.0 = Release|Any CPU
		{2DADDE12-6532-4105-B70C-8B3DEAFD3A34}.Debug|Any CPU.ActiveCfg = Debug|Any CPU
		{2DADDE12-6532-4105-B70C-8B3DEAFD3A34}.Debug|Any CPU.Build.0 = Debug|Any CPU
		{2DADDE12-6532-4105-B70C-8B3DEAFD3A34}.Release|Any CPU.ActiveCfg = Release|Any CPU
		{2DADDE12-6532-4105-B70C-8B3DEAFD3A34}.Release|Any CPU.Build.0 = Release|Any CPU
	EndGlobalSection
EndGlobal
